
Microsoft Visual Studio Solution File, Format Version 12.00
# Visual Studio 15
VisualStudioVersion = 15.0.28010.2048
MinimumVisualStudioVersion = 10.0.40219.1
Project("{9A19103F-16F7-4668-BE54-9A1E7A4F7556}") = "ShoppingCartExcerise", "ShoppingCartExcerise\ShoppingCartExcerise.csproj", "{2B89472F-C247-49A6-B4D8-25BF63327783}"
EndProject
Project("{FAE04EC0-301F-11D3-BF4B-00C04F79EFBC}") = "ShoppingCartExcerise.Tests", "ShoppingCartExcerise.Tests\ShoppingCartExcerise.Tests.csproj", "{87FDD9EE-436D-4D8D-A444-22FA3A394446}"
EndProject
Global
	GlobalSection(SolutionConfigurationPlatforms) = preSolution
		Debug|Any CPU = Debug|Any CPU
		Release|Any CPU = Release|Any CPU
	EndGlobalSection
	GlobalSection(ProjectConfigurationPlatforms) = postSolution
		{2B89472F-C247-49A6-B4D8-25BF63327783}.Debug|Any CPU.ActiveCfg = Debug|Any CPU
		{2B89472F-C247-49A6-B4D8-25BF63327783}.Debug|Any CPU.Build.0 = Debug|Any CPU
		{2B89472F-C247-49A6-B4D8-25BF63327783}.Release|Any CPU.ActiveCfg = Release|Any CPU
		{2B89472F-C247-49A6-B4D8-25BF63327783}.Release|Any CPU.Build.0 = Release|Any CPU
		{87FDD9EE-436D-4D8D-A444-22FA3A394446}.Debug|Any CPU.ActiveCfg = Debug|Any CPU
		{87FDD9EE-436D-4D8D-A444-22FA3A394446}.Debug|Any CPU.Build.0 = Debug|Any CPU
		{87FDD9EE-436D-4D8D-A444-22FA3A394446}.Release|Any CPU.ActiveCfg = Release|Any CPU
		{87FDD9EE-436D-4D8D-A444-22FA3A394446}.Release|Any CPU.Build.0 = Release|Any CPU
	EndGlobalSection
	GlobalSection(SolutionProperties) = preSolution
		HideSolutionNode = FALSE
	EndGlobalSection
	GlobalSection(ExtensibilityGlobals) = postSolution
		SolutionGuid = {78A3CD1E-0944-4E5F-8987-7ECA15647F70}
	EndGlobalSection
EndGlobal
